
Microsoft Visual Studio Solution File, Format Version 12.00
# Visual Studio Version 17
VisualStudioVersion = 17.1.32210.238
MinimumVisualStudioVersion = 10.0.40219.1
Project("{2150E333-8FDC-42A3-9474-1A3956D46DE8}") = "src", "src", "{EC9C1BB8-D2FF-4AA8-ABEA-2D86FC4F648C}"
EndProject
Project("{2150E333-8FDC-42A3-9474-1A3956D46DE8}") = "Common", "Common", "{5B7625A5-B68C-4A78-B010-DFAC1D0E25AF}"
EndProject
Project("{2150E333-8FDC-42A3-9474-1A3956D46DE8}") = "Services", "Services", "{BB4601A1-363F-4CE6-AC74-C0B1841A36E7}"
EndProject
Project("{2150E333-8FDC-42A3-9474-1A3956D46DE8}") = "ApiGateways", "ApiGateways", "{97F9828A-66CA-475D-82C8-7FA91957DEDD}"
EndProject
Project("{2150E333-8FDC-42A3-9474-1A3956D46DE8}") = "Shopping", "Shopping", "{AC406EDA-44E4-4635-A1CC-A367A56C7209}"
EndProject
Project("{9A19103F-16F7-4668-BE54-9A1E7A4F7556}") = "Shopping.API", "src\Services\Shop\Shop.API\Shopping.API.csproj", "{FA364A09-2A17-49F0-A074-5B722037D28C}"
EndProject
Project("{9A19103F-16F7-4668-BE54-9A1E7A4F7556}") = "Shopping.Domain", "src\Services\Shop\Shop.Domain\Shopping.Domain.csproj", "{91F5BC80-620B-49E1-AA90-50234389AAD9}"
EndProject
Project("{9A19103F-16F7-4668-BE54-9A1E7A4F7556}") = "Shopping.Infrastructure", "src\Services\Shop\Shop.Infrastructure\Shopping.Infrastructure.csproj", "{05FF0FC7-7752-480C-8279-7A25F35F73D0}"
EndProject
Project("{9A19103F-16F7-4668-BE54-9A1E7A4F7556}") = "CSharpFunctionalExtensions", "src\Common\CSharpFunctionalExtensions\CSharpFunctionalExtensions.csproj", "{8CC24E02-3732-4A4D-8709-5186D601F7C3}"
EndProject
Project("{E53339B2-1760-4266-BCC7-CA923CBCF16C}") = "docker-compose", "docker-compose.dcproj", "{0267B300-86CC-4CB5-AF4A-3CFF3B6009EA}"
EndProject
Project("{2150E333-8FDC-42A3-9474-1A3956D46DE8}") = "Discounting", "Discounting", "{A9D78E14-265E-4033-8043-E53ABCF86834}"
EndProject
Project("{9A19103F-16F7-4668-BE54-9A1E7A4F7556}") = "Discounting.API", "src\Services\Discounting\Discounting.API\Discounting.API.csproj", "{841FA4D2-27DC-4061-A573-0B0297BE9DD5}"
EndProject
Project("{9A19103F-16F7-4668-BE54-9A1E7A4F7556}") = "Discounting.Domain", "src\Services\Discounting\Discounting.Domain\Discounting.Domain.csproj", "{53C4867C-9F6A-4FA5-A1E3-15E52A86090D}"
EndProject
Project("{9A19103F-16F7-4668-BE54-9A1E7A4F7556}") = "Discounting.Infrastructure", "src\Services\Discounting\Discounting.Infrastructure\Discounting.Infrastructure.csproj", "{6075AD14-84E1-454E-9BB7-FD85C4D15F15}"
EndProject
Project("{2150E333-8FDC-42A3-9474-1A3956D46DE8}") = "Tests", "Tests", "{6C4B823C-FFCD-49A7-923A-F0067C80FBDF}"
EndProject
Project("{2150E333-8FDC-42A3-9474-1A3956D46DE8}") = "UnitTests", "UnitTests", "{1C907E07-9E55-4515-89AA-F435AD8E636E}"
EndProject
Project("{9A19103F-16F7-4668-BE54-9A1E7A4F7556}") = "Shopping.Domain.UnitTest", "src\Services\Shop\Tests\UnitTests\Shopping.Domain.UnitTest\Shopping.Domain.UnitTest.csproj", "{901E3FFD-5522-45C2-85FA-90AF77580900}"
EndProject
Project("{2150E333-8FDC-42A3-9474-1A3956D46DE8}") = "Tests", "Tests", "{FC013DB9-7969-4157-B759-071BF4CAE580}"
EndProject
Project("{2150E333-8FDC-42A3-9474-1A3956D46DE8}") = "UnitTests", "UnitTests", "{EF83A938-1E48-4259-8A8F-B1A72A36F06B}"
EndProject
Project("{9A19103F-16F7-4668-BE54-9A1E7A4F7556}") = "Discounting.Domain.UnitTest", "src\Services\Discounting\Tests\UnitTests\Discounting.Domain.UnitTest\Discounting.Domain.UnitTest.csproj", "{ADA351AF-5830-4047-8A47-5459B86AFC06}"
EndProject
Project("{2150E333-8FDC-42A3-9474-1A3956D46DE8}") = "IntegrationTests", "IntegrationTests", "{B2BF354D-1E3E-442F-B99A-2776A1686F56}"
EndProject
Project("{9A19103F-16F7-4668-BE54-9A1E7A4F7556}") = "Shopping.IntegrationTests", "src\Services\Shop\Tests\IntegrationTests\Shopping.IntegrationTests\Shopping.IntegrationTests.csproj", "{919E3A8B-FCB3-4AA7-8949-65AD2E3953B7}"
EndProject
Global
	GlobalSection(SolutionConfigurationPlatforms) = preSolution
		Debug|Any CPU = Debug|Any CPU
		Release|Any CPU = Release|Any CPU
	EndGlobalSection
	GlobalSection(ProjectConfigurationPlatforms) = postSolution
		{FA364A09-2A17-49F0-A074-5B722037D28C}.Debug|Any CPU.ActiveCfg = Debug|Any CPU
		{FA364A09-2A17-49F0-A074-5B722037D28C}.Debug|Any CPU.Build.0 = Debug|Any CPU
		{FA364A09-2A17-49F0-A074-5B722037D28C}.Release|Any CPU.ActiveCfg = Release|Any CPU
		{FA364A09-2A17-49F0-A074-5B722037D28C}.Release|Any CPU.Build.0 = Release|Any CPU
		{91F5BC80-620B-49E1-AA90-50234389AAD9}.Debug|Any CPU.ActiveCfg = Debug|Any CPU
		{91F5BC80-620B-49E1-AA90-50234389AAD9}.Debug|Any CPU.Build.0 = Debug|Any CPU
		{91F5BC80-620B-49E1-AA90-50234389AAD9}.Release|Any CPU.ActiveCfg = Release|Any CPU
		{91F5BC80-620B-49E1-AA90-50234389AAD9}.Release|Any CPU.Build.0 = Release|Any CPU
		{05FF0FC7-7752-480C-8279-7A25F35F73D0}.Debug|Any CPU.ActiveCfg = Debug|Any CPU
		{05FF0FC7-7752-480C-8279-7A25F35F73D0}.Debug|Any CPU.Build.0 = Debug|Any CPU
		{05FF0FC7-7752-480C-8279-7A25F35F73D0}.Release|Any CPU.ActiveCfg = Release|Any CPU
		{05FF0FC7-7752-480C-8279-7A25F35F73D0}.Release|Any CPU.Build.0 = Release|Any CPU
		{8CC24E02-3732-4A4D-8709-5186D601F7C3}.Debug|Any CPU.ActiveCfg = Debug|Any CPU
		{8CC24E02-3732-4A4D-8709-5186D601F7C3}.Debug|Any CPU.Build.0 = Debug|Any CPU
		{8CC24E02-3732-4A4D-8709-5186D601F7C3}.Release|Any CPU.ActiveCfg = Release|Any CPU
		{8CC24E02-3732-4A4D-8709-5186D601F7C3}.Release|Any CPU.Build.0 = Release|Any CPU
		{0267B300-86CC-4CB5-AF4A-3CFF3B6009EA}.Debug|Any CPU.ActiveCfg = Debug|Any CPU
		{0267B300-86CC-4CB5-AF4A-3CFF3B6009EA}.Debug|Any CPU.Build.0 = Debug|Any CPU
		{0267B300-86CC-4CB5-AF4A-3CFF3B6009EA}.Release|Any CPU.ActiveCfg = Release|Any CPU
		{0267B300-86CC-4CB5-AF4A-3CFF3B6009EA}.Release|Any CPU.Build.0 = Release|Any CPU
		{841FA4D2-27DC-4061-A573-0B0297BE9DD5}.Debug|Any CPU.ActiveCfg = Debug|Any CPU
		{841FA4D2-27DC-4061-A573-0B0297BE9DD5}.Debug|Any CPU.Build.0 = Debug|Any CPU
		{841FA4D2-27DC-4061-A573-0B0297BE9DD5}.Release|Any CPU.ActiveCfg = Release|Any CPU
		{841FA4D2-27DC-4061-A573-0B0297BE9DD5}.Release|Any CPU.Build.0 = Release|Any CPU
		{53C4867C-9F6A-4FA5-A1E3-15E52A86090D}.Debug|Any CPU.ActiveCfg = Debug|Any CPU
		{53C4867C-9F6A-4FA5-A1E3-15E52A86090D}.Debug|Any CPU.Build.0 = Debug|Any CPU
		{53C4867C-9F6A-4FA5-A1E3-15E52A86090D}.Release|Any CPU.ActiveCfg = Release|Any CPU
		{53C4867C-9F6A-4FA5-A1E3-15E52A86090D}.Release|Any CPU.Build.0 = Release|Any CPU
		{6075AD14-84E1-454E-9BB7-FD85C4D15F15}.Debug|Any CPU.ActiveCfg = Debug|Any CPU
		{6075AD14-84E1-454E-9BB7-FD85C4D15F15}.Debug|Any CPU.Build.0 = Debug|Any CPU
		{6075AD14-84E1-454E-9BB7-FD85C4D15F15}.Release|Any CPU.ActiveCfg = Release|Any CPU
		{6075AD14-84E1-454E-9BB7-FD85C4D15F15}.Release|Any CPU.Build.0 = Release|Any CPU
		{901E3FFD-5522-45C2-85FA-90AF77580900}.Debug|Any CPU.ActiveCfg = Debug|Any CPU
		{901E3FFD-5522-45C2-85FA-90AF77580900}.Debug|Any CPU.Build.0 = Debug|Any CPU
		{901E3FFD-5522-45C2-85FA-90AF77580900}.Release|Any CPU.ActiveCfg = Release|Any CPU
		{901E3FFD-5522-45C2-85FA-90AF77580900}.Release|Any CPU.Build.0 = Release|Any CPU
		{ADA351AF-5830-4047-8A47-5459B86AFC06}.Debug|Any CPU.ActiveCfg = Debug|Any CPU
		{ADA351AF-5830-4047-8A47-5459B86AFC06}.Debug|Any CPU.Build.0 = Debug|Any CPU
		{ADA351AF-5830-4047-8A47-5459B86AFC06}.Release|Any CPU.ActiveCfg = Release|Any CPU
		{ADA351AF-5830-4047-8A47-5459B86AFC06}.Release|Any CPU.Build.0 = Release|Any CPU
		{919E3A8B-FCB3-4AA7-8949-65AD2E3953B7}.Debug|Any CPU.ActiveCfg = Debug|Any CPU
		{919E3A8B-FCB3-4AA7-8949-65AD2E3953B7}.Debug|Any CPU.Build.0 = Debug|Any CPU
		{919E3A8B-FCB3-4AA7-8949-65AD2E3953B7}.Release|Any CPU.ActiveCfg = Release|Any CPU
		{919E3A8B-FCB3-4AA7-8949-65AD2E3953B7}.Release|Any CPU.Build.0 = Release|Any CPU
	EndGlobalSection
	GlobalSection(SolutionProperties) = preSolution
		HideSolutionNode = FALSE
	EndGlobalSection
	GlobalSection(NestedProjects) = preSolution
		{5B7625A5-B68C-4A78-B010-DFAC1D0E25AF} = {EC9C1BB8-D2FF-4AA8-ABEA-2D86FC4F648C}
		{BB4601A1-363F-4CE6-AC74-C0B1841A36E7} = {EC9C1BB8-D2FF-4AA8-ABEA-2D86FC4F648C}
		{97F9828A-66CA-475D-82C8-7FA91957DEDD} = {EC9C1BB8-D2FF-4AA8-ABEA-2D86FC4F648C}
		{AC406EDA-44E4-4635-A1CC-A367A56C7209} = {BB4601A1-363F-4CE6-AC74-C0B1841A36E7}
		{FA364A09-2A17-49F0-A074-5B722037D28C} = {AC406EDA-44E4-4635-A1CC-A367A56C7209}
		{91F5BC80-620B-49E1-AA90-50234389AAD9} = {AC406EDA-44E4-4635-A1CC-A367A56C7209}
		{05FF0FC7-7752-480C-8279-7A25F35F73D0} = {AC406EDA-44E4-4635-A1CC-A367A56C7209}
		{8CC24E02-3732-4A4D-8709-5186D601F7C3} = {5B7625A5-B68C-4A78-B010-DFAC1D0E25AF}
		{A9D78E14-265E-4033-8043-E53ABCF86834} = {BB4601A1-363F-4CE6-AC74-C0B1841A36E7}
		{841FA4D2-27DC-4061-A573-0B0297BE9DD5} = {A9D78E14-265E-4033-8043-E53ABCF86834}
		{53C4867C-9F6A-4FA5-A1E3-15E52A86090D} = {A9D78E14-265E-4033-8043-E53ABCF86834}
		{6075AD14-84E1-454E-9BB7-FD85C4D15F15} = {A9D78E14-265E-4033-8043-E53ABCF86834}
		{6C4B823C-FFCD-49A7-923A-F0067C80FBDF} = {AC406EDA-44E4-4635-A1CC-A367A56C7209}
		{1C907E07-9E55-4515-89AA-F435AD8E636E} = {6C4B823C-FFCD-49A7-923A-F0067C80FBDF}
		{901E3FFD-5522-45C2-85FA-90AF77580900} = {1C907E07-9E55-4515-89AA-F435AD8E636E}
		{FC013DB9-7969-4157-B759-071BF4CAE580} = {A9D78E14-265E-4033-8043-E53ABCF86834}
		{EF83A938-1E48-4259-8A8F-B1A72A36F06B} = {FC013DB9-7969-4157-B759-071BF4CAE580}
		{ADA351AF-5830-4047-8A47-5459B86AFC06} = {EF83A938-1E48-4259-8A8F-B1A72A36F06B}
		{B2BF354D-1E3E-442F-B99A-2776A1686F56} = {6C4B823C-FFCD-49A7-923A-F0067C80FBDF}
		{919E3A8B-FCB3-4AA7-8949-65AD2E3953B7} = {B2BF354D-1E3E-442F-B99A-2776A1686F56}
	EndGlobalSection
	GlobalSection(ExtensibilityGlobals) = postSolution
		SolutionGuid = {1AB139FA-65B2-436C-B878-9162C9BA8700}
	EndGlobalSection
EndGlobal
