
Microsoft Visual Studio Solution File, Format Version 12.00
# Visual Studio Version 17
VisualStudioVersion = 17.1.32210.238
MinimumVisualStudioVersion = 10.0.40219.1
Project("{2150E333-8FDC-42A3-9474-1A3956D46DE8}") = "src", "src", "{EC9C1BB8-D2FF-4AA8-ABEA-2D86FC4F648C}"
EndProject
Project("{2150E333-8FDC-42A3-9474-1A3956D46DE8}") = "Common", "Common", "{5B7625A5-B68C-4A78-B010-DFAC1D0E25AF}"
EndProject
Project("{2150E333-8FDC-42A3-9474-1A3956D46DE8}") = "Services", "Services", "{BB4601A1-363F-4CE6-AC74-C0B1841A36E7}"
EndProject
Project("{2150E333-8FDC-42A3-9474-1A3956D46DE8}") = "ApiGateways", "ApiGateways", "{97F9828A-66CA-475D-82C8-7FA91957DEDD}"
EndProject
Project("{2150E333-8FDC-42A3-9474-1A3956D46DE8}") = "Shopping", "Shopping", "{AC406EDA-44E4-4635-A1CC-A367A56C7209}"
EndProject
Project("{9A19103F-16F7-4668-BE54-9A1E7A4F7556}") = "Shopping.API", "src\Services\Shop\Shop.API\Shopping.API.csproj", "{FA364A09-2A17-49F0-A074-5B722037D28C}"
EndProject
Project("{9A19103F-16F7-4668-BE54-9A1E7A4F7556}") = "Shopping.Domain", "src\Services\Shop\Shop.Domain\Shopping.Domain.csproj", "{91F5BC80-620B-49E1-AA90-50234389AAD9}"
EndProject
Project("{9A19103F-16F7-4668-BE54-9A1E7A4F7556}") = "Shopping.Infrastructure", "src\Services\Shop\Shop.Infrastructure\Shopping.Infrastructure.csproj", "{05FF0FC7-7752-480C-8279-7A25F35F73D0}"
EndProject
Project("{9A19103F-16F7-4668-BE54-9A1E7A4F7556}") = "CSharpFunctionalExtensions", "src\Common\CSharpFunctionalExtensions\CSharpFunctionalExtensions.csproj", "{8CC24E02-3732-4A4D-8709-5186D601F7C3}"
EndProject
Global
	GlobalSection(SolutionConfigurationPlatforms) = preSolution
		Debug|Any CPU = Debug|Any CPU
		Release|Any CPU = Release|Any CPU
	EndGlobalSection
	GlobalSection(ProjectConfigurationPlatforms) = postSolution
		{FA364A09-2A17-49F0-A074-5B722037D28C}.Debug|Any CPU.ActiveCfg = Debug|Any CPU
		{FA364A09-2A17-49F0-A074-5B722037D28C}.Debug|Any CPU.Build.0 = Debug|Any CPU
		{FA364A09-2A17-49F0-A074-5B722037D28C}.Release|Any CPU.ActiveCfg = Release|Any CPU
		{FA364A09-2A17-49F0-A074-5B722037D28C}.Release|Any CPU.Build.0 = Release|Any CPU
		{91F5BC80-620B-49E1-AA90-50234389AAD9}.Debug|Any CPU.ActiveCfg = Debug|Any CPU
		{91F5BC80-620B-49E1-AA90-50234389AAD9}.Debug|Any CPU.Build.0 = Debug|Any CPU
		{91F5BC80-620B-49E1-AA90-50234389AAD9}.Release|Any CPU.ActiveCfg = Release|Any CPU
		{91F5BC80-620B-49E1-AA90-50234389AAD9}.Release|Any CPU.Build.0 = Release|Any CPU
		{05FF0FC7-7752-480C-8279-7A25F35F73D0}.Debug|Any CPU.ActiveCfg = Debug|Any CPU
		{05FF0FC7-7752-480C-8279-7A25F35F73D0}.Debug|Any CPU.Build.0 = Debug|Any CPU
		{05FF0FC7-7752-480C-8279-7A25F35F73D0}.Release|Any CPU.ActiveCfg = Release|Any CPU
		{05FF0FC7-7752-480C-8279-7A25F35F73D0}.Release|Any CPU.Build.0 = Release|Any CPU
		{8CC24E02-3732-4A4D-8709-5186D601F7C3}.Debug|Any CPU.ActiveCfg = Debug|Any CPU
		{8CC24E02-3732-4A4D-8709-5186D601F7C3}.Debug|Any CPU.Build.0 = Debug|Any CPU
		{8CC24E02-3732-4A4D-8709-5186D601F7C3}.Release|Any CPU.ActiveCfg = Release|Any CPU
		{8CC24E02-3732-4A4D-8709-5186D601F7C3}.Release|Any CPU.Build.0 = Release|Any CPU
	EndGlobalSection
	GlobalSection(SolutionProperties) = preSolution
		HideSolutionNode = FALSE
	EndGlobalSection
	GlobalSection(NestedProjects) = preSolution
		{5B7625A5-B68C-4A78-B010-DFAC1D0E25AF} = {EC9C1BB8-D2FF-4AA8-ABEA-2D86FC4F648C}
		{BB4601A1-363F-4CE6-AC74-C0B1841A36E7} = {EC9C1BB8-D2FF-4AA8-ABEA-2D86FC4F648C}
		{97F9828A-66CA-475D-82C8-7FA91957DEDD} = {EC9C1BB8-D2FF-4AA8-ABEA-2D86FC4F648C}
		{AC406EDA-44E4-4635-A1CC-A367A56C7209} = {BB4601A1-363F-4CE6-AC74-C0B1841A36E7}
		{FA364A09-2A17-49F0-A074-5B722037D28C} = {AC406EDA-44E4-4635-A1CC-A367A56C7209}
		{91F5BC80-620B-49E1-AA90-50234389AAD9} = {AC406EDA-44E4-4635-A1CC-A367A56C7209}
		{05FF0FC7-7752-480C-8279-7A25F35F73D0} = {AC406EDA-44E4-4635-A1CC-A367A56C7209}
		{8CC24E02-3732-4A4D-8709-5186D601F7C3} = {5B7625A5-B68C-4A78-B010-DFAC1D0E25AF}
	EndGlobalSection
	GlobalSection(ExtensibilityGlobals) = postSolution
		SolutionGuid = {1AB139FA-65B2-436C-B878-9162C9BA8700}
	EndGlobalSection
EndGlobal
